
Microsoft Visual Studio Solution File, Format Version 12.00
# Visual Studio Version 17
VisualStudioVersion = 17.13.35919.96
MinimumVisualStudioVersion = 10.0.40219.1
Project("{FAE04EC0-301F-11D3-BF4B-00C04F79EFBC}") = "Benchmark.Lib.Test", "Benchmark.Lib.Test\Benchmark.Lib.Test.csproj", "{FED761B0-E2A6-4D30-951A-16815745F5BC}"
EndProject
Project("{FAE04EC0-301F-11D3-BF4B-00C04F79EFBC}") = "Benchmark.Lib", "Benchmark.Lib\Benchmark.Lib.csproj", "{BCC3ED68-F989-40F0-9EC5-F4F7191FBED6}"
EndProject
Project("{2150E333-8FDC-42A3-9474-1A3956D46DE8}") = "Workflows", "Workflows", "{02EA681E-C7D8-13C7-8484-4AC65E1B71E8}"
	ProjectSection(SolutionItems) = preProject
		.github\workflows\dotnet.yml = .github\workflows\dotnet.yml
	EndProjectSection
EndProject
Project("{2150E333-8FDC-42A3-9474-1A3956D46DE8}") = "Documents", "Documents", "{B0F11C80-D9E1-4CB1-95B9-5DABA46200DF}"
	ProjectSection(SolutionItems) = preProject
		README.md = README.md
	EndProjectSection
EndProject
Global
	GlobalSection(SolutionConfigurationPlatforms) = preSolution
		Debug|Any CPU = Debug|Any CPU
		Release|Any CPU = Release|Any CPU
	EndGlobalSection
	GlobalSection(ProjectConfigurationPlatforms) = postSolution
		{FED761B0-E2A6-4D30-951A-16815745F5BC}.Debug|Any CPU.ActiveCfg = Debug|Any CPU
		{FED761B0-E2A6-4D30-951A-16815745F5BC}.Debug|Any CPU.Build.0 = Debug|Any CPU
		{FED761B0-E2A6-4D30-951A-16815745F5BC}.Release|Any CPU.ActiveCfg = Release|Any CPU
		{FED761B0-E2A6-4D30-951A-16815745F5BC}.Release|Any CPU.Build.0 = Release|Any CPU
		{BCC3ED68-F989-40F0-9EC5-F4F7191FBED6}.Debug|Any CPU.ActiveCfg = Debug|Any CPU
		{BCC3ED68-F989-40F0-9EC5-F4F7191FBED6}.Debug|Any CPU.Build.0 = Debug|Any CPU
		{BCC3ED68-F989-40F0-9EC5-F4F7191FBED6}.Release|Any CPU.ActiveCfg = Release|Any CPU
		{BCC3ED68-F989-40F0-9EC5-F4F7191FBED6}.Release|Any CPU.Build.0 = Release|Any CPU
	EndGlobalSection
	GlobalSection(SolutionProperties) = preSolution
		HideSolutionNode = FALSE
	EndGlobalSection
	GlobalSection(ExtensibilityGlobals) = postSolution
		SolutionGuid = {C6AD883F-008D-469F-AB3B-A15BA5F3DD8D}
	EndGlobalSection
EndGlobal
